
Microsoft Visual Studio Solution File, Format Version 12.00
# Visual Studio Version 17
VisualStudioVersion = 17.11.35327.3
MinimumVisualStudioVersion = 10.0.40219.1
Project("{FAE04EC0-301F-11D3-BF4B-00C04F79EFBC}") = "DinFlow", "DinFlow\DinFlow.csproj", "{F69846F2-6E70-4E38-9474-0B57ED9A2E4C}"
EndProject
Global
	GlobalSection(SolutionConfigurationPlatforms) = preSolution
		Debug|Any CPU = Debug|Any CPU
		Release|Any CPU = Release|Any CPU
	EndGlobalSection
	GlobalSection(ProjectConfigurationPlatforms) = postSolution
		{F69846F2-6E70-4E38-9474-0B57ED9A2E4C}.Debug|Any CPU.ActiveCfg = Debug|Any CPU
		{F69846F2-6E70-4E38-9474-0B57ED9A2E4C}.Debug|Any CPU.Build.0 = Debug|Any CPU
		{F69846F2-6E70-4E38-9474-0B57ED9A2E4C}.Release|Any CPU.ActiveCfg = Release|Any CPU
		{F69846F2-6E70-4E38-9474-0B57ED9A2E4C}.Release|Any CPU.Build.0 = Release|Any CPU
	EndGlobalSection
	GlobalSection(SolutionProperties) = preSolution
		HideSolutionNode = FALSE
	EndGlobalSection
	GlobalSection(ExtensibilityGlobals) = postSolution
		SolutionGuid = {822B9B69-2070-418A-888F-FA860BE12782}
	EndGlobalSection
EndGlobal
